
Microsoft Visual Studio Solution File, Format Version 12.00
# Visual Studio 15
VisualStudioVersion = 15.0.28307.421
MinimumVisualStudioVersion = 10.0.40219.1
Project("{2150E333-8FDC-42A3-9474-1A3956D46DE8}") = "Source", "Source", "{CE924C6C-ED3A-45E5-B70A-8B5E847CA6BC}"
EndProject
Project("{2150E333-8FDC-42A3-9474-1A3956D46DE8}") = "Test", "Test", "{621E5AED-2DD2-4D16-8E08-C7E7E2527B8B}"
EndProject
Project("{2150E333-8FDC-42A3-9474-1A3956D46DE8}") = "Presentation", "Presentation", "{F9C1FDED-E3CF-4847-B0C6-60EC41D31298}"
EndProject
Project("{9A19103F-16F7-4668-BE54-9A1E7A4F7556}") = "TodoAppDdd.Web", "Source\Presentation\TodoAppDdd.Web\TodoAppDdd.Web.csproj", "{F5738BBC-34AC-43B2-A37C-7DCAE9E7A05B}"
EndProject
Project("{2150E333-8FDC-42A3-9474-1A3956D46DE8}") = "Core", "Core", "{438DE784-594A-4B83-898D-66C3445BE264}"
EndProject
Project("{2150E333-8FDC-42A3-9474-1A3956D46DE8}") = "Common", "Common", "{2512DEA9-50AC-423E-86C6-905F9EC4D296}"
EndProject
Project("{2150E333-8FDC-42A3-9474-1A3956D46DE8}") = "Infrastructure", "Infrastructure", "{60ADEB7B-86F4-4B81-A4E1-0F9893D5E7BF}"
EndProject
Project("{9A19103F-16F7-4668-BE54-9A1E7A4F7556}") = "TodoAppDdd.App", "Source\Core\TodoAppDdd.App\TodoAppDdd.App.csproj", "{AB0DCF51-81AF-4416-AB12-31F9FB4D98FA}"
EndProject
Project("{9A19103F-16F7-4668-BE54-9A1E7A4F7556}") = "TodoAppDdd.App.Contracts", "Source\Core\TodoAppDdd.App.Contracts\TodoAppDdd.App.Contracts.csproj", "{F35D65C8-2055-4CB0-903A-19CCCA823FFB}"
EndProject
Project("{9A19103F-16F7-4668-BE54-9A1E7A4F7556}") = "TodoAppDdd.Domain", "Source\Core\TodoAppDdd.Domain\TodoAppDdd.Domain.csproj", "{2C3D9E66-60D1-43C3-B3A7-735771125A50}"
EndProject
Project("{9A19103F-16F7-4668-BE54-9A1E7A4F7556}") = "TodoAppDdd.Persistence", "Source\Infrastructure\TodoAppDdd.Persistence\TodoAppDdd.Persistence.csproj", "{D30DC59E-8D4D-46A8-B03E-FC1E5AB36747}"
EndProject
Project("{9A19103F-16F7-4668-BE54-9A1E7A4F7556}") = "TodoAppDdd.Bootstrapper", "Source\Infrastructure\TodoAppDdd.Bootstrapper\TodoAppDdd.Bootstrapper.csproj", "{3103E0A2-A04A-4C5E-8E6E-0DB6B69AB529}"
EndProject
Project("{9A19103F-16F7-4668-BE54-9A1E7A4F7556}") = "TodoAppDdd.Common", "Source\Common\TodoAppDdd.Common\TodoAppDdd.Common.csproj", "{9417E11F-05D2-4EDA-915C-3AE78E8FE721}"
EndProject
Project("{9A19103F-16F7-4668-BE54-9A1E7A4F7556}") = "TodoAppDdd.App.Tests", "Test\TodoAppDdd.App.Tests\TodoAppDdd.App.Tests.csproj", "{8646992F-497B-47E5-9D64-983BF577B2D1}"
EndProject
Project("{9A19103F-16F7-4668-BE54-9A1E7A4F7556}") = "TodoAppDdd.Api", "Source\Presentation\TodoAppDdd.Api\TodoAppDdd.Api.csproj", "{D6D3830A-3EFC-4C35-92F2-05F3117E6C83}"
EndProject
Project("{9A19103F-16F7-4668-BE54-9A1E7A4F7556}") = "TodoAppDdd.Domain.Tests", "Test\TodoAppDdd.Domain.Tests\TodoAppDdd.Domain.Tests.csproj", "{29E3625E-7671-4BBF-9030-4E2101DBFCE3}"
EndProject
Global
	GlobalSection(SolutionConfigurationPlatforms) = preSolution
		Development|Any CPU = Development|Any CPU
		OnAzure|Any CPU = OnAzure|Any CPU
	EndGlobalSection
	GlobalSection(ProjectConfigurationPlatforms) = postSolution
		{F5738BBC-34AC-43B2-A37C-7DCAE9E7A05B}.Development|Any CPU.ActiveCfg = Development|Any CPU
		{F5738BBC-34AC-43B2-A37C-7DCAE9E7A05B}.Development|Any CPU.Build.0 = Development|Any CPU
		{F5738BBC-34AC-43B2-A37C-7DCAE9E7A05B}.OnAzure|Any CPU.ActiveCfg = OnAzure|Any CPU
		{F5738BBC-34AC-43B2-A37C-7DCAE9E7A05B}.OnAzure|Any CPU.Build.0 = OnAzure|Any CPU
		{AB0DCF51-81AF-4416-AB12-31F9FB4D98FA}.Development|Any CPU.ActiveCfg = Debug|Any CPU
		{AB0DCF51-81AF-4416-AB12-31F9FB4D98FA}.Development|Any CPU.Build.0 = Debug|Any CPU
		{AB0DCF51-81AF-4416-AB12-31F9FB4D98FA}.OnAzure|Any CPU.ActiveCfg = Release|Any CPU
		{AB0DCF51-81AF-4416-AB12-31F9FB4D98FA}.OnAzure|Any CPU.Build.0 = Release|Any CPU
		{F35D65C8-2055-4CB0-903A-19CCCA823FFB}.Development|Any CPU.ActiveCfg = Debug|Any CPU
		{F35D65C8-2055-4CB0-903A-19CCCA823FFB}.Development|Any CPU.Build.0 = Debug|Any CPU
		{F35D65C8-2055-4CB0-903A-19CCCA823FFB}.OnAzure|Any CPU.ActiveCfg = Release|Any CPU
		{F35D65C8-2055-4CB0-903A-19CCCA823FFB}.OnAzure|Any CPU.Build.0 = Release|Any CPU
		{2C3D9E66-60D1-43C3-B3A7-735771125A50}.Development|Any CPU.ActiveCfg = Debug|Any CPU
		{2C3D9E66-60D1-43C3-B3A7-735771125A50}.Development|Any CPU.Build.0 = Debug|Any CPU
		{2C3D9E66-60D1-43C3-B3A7-735771125A50}.OnAzure|Any CPU.ActiveCfg = Release|Any CPU
		{2C3D9E66-60D1-43C3-B3A7-735771125A50}.OnAzure|Any CPU.Build.0 = Release|Any CPU
		{D30DC59E-8D4D-46A8-B03E-FC1E5AB36747}.Development|Any CPU.ActiveCfg = Debug|Any CPU
		{D30DC59E-8D4D-46A8-B03E-FC1E5AB36747}.Development|Any CPU.Build.0 = Debug|Any CPU
		{D30DC59E-8D4D-46A8-B03E-FC1E5AB36747}.OnAzure|Any CPU.ActiveCfg = Release|Any CPU
		{D30DC59E-8D4D-46A8-B03E-FC1E5AB36747}.OnAzure|Any CPU.Build.0 = Release|Any CPU
		{3103E0A2-A04A-4C5E-8E6E-0DB6B69AB529}.Development|Any CPU.ActiveCfg = Debug|Any CPU
		{3103E0A2-A04A-4C5E-8E6E-0DB6B69AB529}.Development|Any CPU.Build.0 = Debug|Any CPU
		{3103E0A2-A04A-4C5E-8E6E-0DB6B69AB529}.OnAzure|Any CPU.ActiveCfg = Release|Any CPU
		{3103E0A2-A04A-4C5E-8E6E-0DB6B69AB529}.OnAzure|Any CPU.Build.0 = Release|Any CPU
		{9417E11F-05D2-4EDA-915C-3AE78E8FE721}.Development|Any CPU.ActiveCfg = Debug|Any CPU
		{9417E11F-05D2-4EDA-915C-3AE78E8FE721}.Development|Any CPU.Build.0 = Debug|Any CPU
		{9417E11F-05D2-4EDA-915C-3AE78E8FE721}.OnAzure|Any CPU.ActiveCfg = Release|Any CPU
		{9417E11F-05D2-4EDA-915C-3AE78E8FE721}.OnAzure|Any CPU.Build.0 = Release|Any CPU
		{8646992F-497B-47E5-9D64-983BF577B2D1}.Development|Any CPU.ActiveCfg = Debug|Any CPU
		{8646992F-497B-47E5-9D64-983BF577B2D1}.Development|Any CPU.Build.0 = Debug|Any CPU
		{8646992F-497B-47E5-9D64-983BF577B2D1}.OnAzure|Any CPU.ActiveCfg = Release|Any CPU
		{8646992F-497B-47E5-9D64-983BF577B2D1}.OnAzure|Any CPU.Build.0 = Release|Any CPU
		{D6D3830A-3EFC-4C35-92F2-05F3117E6C83}.Development|Any CPU.ActiveCfg = Development|Any CPU
		{D6D3830A-3EFC-4C35-92F2-05F3117E6C83}.Development|Any CPU.Build.0 = Development|Any CPU
		{D6D3830A-3EFC-4C35-92F2-05F3117E6C83}.OnAzure|Any CPU.ActiveCfg = OnAzure|Any CPU
		{D6D3830A-3EFC-4C35-92F2-05F3117E6C83}.OnAzure|Any CPU.Build.0 = OnAzure|Any CPU
		{29E3625E-7671-4BBF-9030-4E2101DBFCE3}.Development|Any CPU.ActiveCfg = Debug|Any CPU
		{29E3625E-7671-4BBF-9030-4E2101DBFCE3}.Development|Any CPU.Build.0 = Debug|Any CPU
		{29E3625E-7671-4BBF-9030-4E2101DBFCE3}.OnAzure|Any CPU.ActiveCfg = Debug|Any CPU
		{29E3625E-7671-4BBF-9030-4E2101DBFCE3}.OnAzure|Any CPU.Build.0 = Debug|Any CPU
	EndGlobalSection
	GlobalSection(SolutionProperties) = preSolution
		HideSolutionNode = FALSE
	EndGlobalSection
	GlobalSection(NestedProjects) = preSolution
		{F9C1FDED-E3CF-4847-B0C6-60EC41D31298} = {CE924C6C-ED3A-45E5-B70A-8B5E847CA6BC}
		{F5738BBC-34AC-43B2-A37C-7DCAE9E7A05B} = {F9C1FDED-E3CF-4847-B0C6-60EC41D31298}
		{438DE784-594A-4B83-898D-66C3445BE264} = {CE924C6C-ED3A-45E5-B70A-8B5E847CA6BC}
		{2512DEA9-50AC-423E-86C6-905F9EC4D296} = {CE924C6C-ED3A-45E5-B70A-8B5E847CA6BC}
		{60ADEB7B-86F4-4B81-A4E1-0F9893D5E7BF} = {CE924C6C-ED3A-45E5-B70A-8B5E847CA6BC}
		{AB0DCF51-81AF-4416-AB12-31F9FB4D98FA} = {438DE784-594A-4B83-898D-66C3445BE264}
		{F35D65C8-2055-4CB0-903A-19CCCA823FFB} = {438DE784-594A-4B83-898D-66C3445BE264}
		{2C3D9E66-60D1-43C3-B3A7-735771125A50} = {438DE784-594A-4B83-898D-66C3445BE264}
		{D30DC59E-8D4D-46A8-B03E-FC1E5AB36747} = {60ADEB7B-86F4-4B81-A4E1-0F9893D5E7BF}
		{3103E0A2-A04A-4C5E-8E6E-0DB6B69AB529} = {60ADEB7B-86F4-4B81-A4E1-0F9893D5E7BF}
		{9417E11F-05D2-4EDA-915C-3AE78E8FE721} = {2512DEA9-50AC-423E-86C6-905F9EC4D296}
		{8646992F-497B-47E5-9D64-983BF577B2D1} = {621E5AED-2DD2-4D16-8E08-C7E7E2527B8B}
		{D6D3830A-3EFC-4C35-92F2-05F3117E6C83} = {F9C1FDED-E3CF-4847-B0C6-60EC41D31298}
		{29E3625E-7671-4BBF-9030-4E2101DBFCE3} = {621E5AED-2DD2-4D16-8E08-C7E7E2527B8B}
	EndGlobalSection
	GlobalSection(ExtensibilityGlobals) = postSolution
		SolutionGuid = {EBF3564B-5B2A-4A36-BFEF-040610BC51E0}
	EndGlobalSection
EndGlobal
